
Microsoft Visual Studio Solution File, Format Version 12.00
# Visual Studio Version 17
VisualStudioVersion = 17.2.32630.192
MinimumVisualStudioVersion = 10.0.40219.1
Project("{FAE04EC0-301F-11D3-BF4B-00C04F79EFBC}") = "SingleDoctor", "SingleDoctor\SingleDoctor.csproj", "{2A028C83-542F-42EB-B07F-4747DDD529CE}"
EndProject
Global
	GlobalSection(SolutionConfigurationPlatforms) = preSolution
		Debug|Any CPU = Debug|Any CPU
		Release|Any CPU = Release|Any CPU
	EndGlobalSection
	GlobalSection(ProjectConfigurationPlatforms) = postSolution
		{2A028C83-542F-42EB-B07F-4747DDD529CE}.Debug|Any CPU.ActiveCfg = Debug|Any CPU
		{2A028C83-542F-42EB-B07F-4747DDD529CE}.Debug|Any CPU.Build.0 = Debug|Any CPU
		{2A028C83-542F-42EB-B07F-4747DDD529CE}.Release|Any CPU.ActiveCfg = Release|Any CPU
		{2A028C83-542F-42EB-B07F-4747DDD529CE}.Release|Any CPU.Build.0 = Release|Any CPU
	EndGlobalSection
	GlobalSection(SolutionProperties) = preSolution
		HideSolutionNode = FALSE
	EndGlobalSection
	GlobalSection(ExtensibilityGlobals) = postSolution
		SolutionGuid = {2CFDA6A5-4589-4BC2-A4B9-9776CEDACB78}
	EndGlobalSection
EndGlobal
